github.com/jrm-1535/exif v0.0.0-20220401231744-7eff3a0c91ba h1:mHGj8Ii5rXaP3+YcU5Qx13XbkzO5JJOYXaZrHAjC6og=
github.com/jrm-1535/exif v0.0.0-20220401231744-7eff3a0c91ba/go.mod h1:0DD4FTVvmB+ajFzznyJ1f9diIcldKIZwCx+dq2aNJr4=
github.com/jrm-1535/jpeg v0.0.0-20220725033137-d4277bf587a2 h1:Ijnr5+tg1nZmC4UdR0VWEsTw2uxoK/45Icxi1yWNOLA=
github.com/jrm-1535/jpeg v0.0.0-20220725033137-d4277bf587a2/go.mod h1:HC31Fp/kCo1Kzq6PeJAFkWQo0JZcMGJsrr1f/Le/eP0=
github.com/jrm-1535/pdf v0.0.0-20220725222141-d6c7752214af h1:dRGgo575kWuyKjVT1RzkXB6C/TDM17zRxkgO2B4pZxg=
github.com/jrm-1535/pdf v0.0.0-20220725222141-d6c7752214af/go.mod h1:S8iheMGayD2BrEt0pq1MESacuODNV+clvOYKMshsyhU=
